// !$*UTF8*$!
{
	archiveVersion = 1;
	classes = {
	};
	objectVersion = 46;
	objects = {

/* Begin PBXBuildFile section */
		4DA49B81193CA34A000116CF /* Foundation.framework in Frameworks */ = {isa = PBXBuildFile; fileRef = 4DA49B80193CA34A000116CF /* Foundation.framework */; };
		4DA49B83193CA34A000116CF /* CoreGraphics.framework in Frameworks */ = {isa = PBXBuildFile; fileRef = 4DA49B82193CA34A000116CF /* CoreGraphics.framework */; };
		4DA49B85193CA34A000116CF /* UIKit.framework in Frameworks */ = {isa = PBXBuildFile; fileRef = 4DA49B84193CA34A000116CF /* UIKit.framework */; };
		4DA49B8B193CA34A000116CF /* InfoPlist.strings in Resources */ = {isa = PBXBuildFile; fileRef = 4DA49B89193CA34A000116CF /* InfoPlist.strings */; };
		4DA49B8D193CA34A000116CF /* main.m in Sources */ = {isa = PBXBuildFile; fileRef = 4DA49B8C193CA34A000116CF /* main.m */; };
		4DA49B91193CA34A000116CF /* AppDelegate.m in Sources */ = {isa = PBXBuildFile; fileRef = 4DA49B90193CA34A000116CF /* AppDelegate.m */; };
		4DA49B93193CA34A000116CF /* Images.xcassets in Resources */ = {isa = PBXBuildFile; fileRef = 4DA49B92193CA34A000116CF /* Images.xcassets */; };
		4DA49B9A193CA34A000116CF /* XCTest.framework in Frameworks */ = {isa = PBXBuildFile; fileRef = 4DA49B99193CA34A000116CF /* XCTest.framework */; };
		4DA49B9B193CA34A000116CF /* Foundation.framework in Frameworks */ = {isa = PBXBuildFile; fileRef = 4DA49B80193CA34A000116CF /* Foundation.framework */; };
		4DA49B9C193CA34A000116CF /* UIKit.framework in Frameworks */ = {isa = PBXBuildFile; fileRef = 4DA49B84193CA34A000116CF /* UIKit.framework */; };
		4DA49BA4193CA34A000116CF /* InfoPlist.strings in Resources */ = {isa = PBXBuildFile; fileRef = 4DA49BA2193CA34A000116CF /* InfoPlist.strings */; };
		4DA49BA6193CA34A000116CF /* ios_mmap_exampleTests.m in Sources */ = {isa = PBXBuildFile; fileRef = 4DA49BA5193CA34A000116CF /* ios_mmap_exampleTests.m */; };
/* End PBXBuildFile section */

/* Begin PBXContainerItemProxy section */
		4DA49B9D193CA34A000116CF /* PBXContainerItemProxy */ = {
			isa = PBXContainerItemProxy;
			containerPortal = 4DA49B75193CA34A000116CF /* Project object */;
			proxyType = 1;
			remoteGlobalIDString = 4DA49B7C193CA34A000116CF;
			remoteInfo = "ios-mmap-example";
		};
/* End PBXContainerItemProxy section */

/* Begin PBXFileReference section */
		4DA49B7D193CA34A000116CF /* ios-mmap-example.app */ = {isa = PBXFileReference; explicitFileType = wrapper.application; includeInIndex = 0; path = "ios-mmap-example.app"; sourceTree = BUILT_PRODUCTS_DIR; };
		4DA49B80193CA34A000116CF /* Foundation.framework */ = {isa = PBXFileReference; lastKnownFileType = wrapper.framework; name = Foundation.framework; path = System/Library/Frameworks/Foundation.framework; sourceTree = SDKROOT; };
		4DA49B82193CA34A000116CF /* CoreGraphics.framework */ = {isa = PBXFileReference; lastKnownFileType = wrapper.framework; name = CoreGraphics.framework; path = System/Library/Frameworks/CoreGraphics.framework; sourceTree = SDKROOT; };
		4DA49B84193CA34A000116CF /* UIKit.framework */ = {isa = PBXFileReference; lastKnownFileType = wrapper.framework; name = UIKit.framework; path = System/Library/Frameworks/UIKit.framework; sourceTree = SDKROOT; };
		4DA49B88193CA34A000116CF /* ios-mmap-example-Info.plist */ = {isa = PBXFileReference; lastKnownFileType = text.plist.xml; path = "ios-mmap-example-Info.plist"; sourceTree = "<group>"; };
		4DA49B8A193CA34A000116CF /* en */ = {isa = PBXFileReference; lastKnownFileType = text.plist.strings; name = en; path = en.lproj/InfoPlist.strings; sourceTree = "<group>"; };
		4DA49B8C193CA34A000116CF /* main.m */ = {isa = PBXFileReference; lastKnownFileType = sourcecode.c.objc; path = main.m; sourceTree = "<group>"; };
		4DA49B8E193CA34A000116CF /* ios-mmap-example-Prefix.pch */ = {isa = PBXFileReference; lastKnownFileType = sourcecode.c.h; path = "ios-mmap-example-Prefix.pch"; sourceTree = "<group>"; };
		4DA49B8F193CA34A000116CF /* AppDelegate.h */ = {isa = PBXFileReference; lastKnownFileType = sourcecode.c.h; path = AppDelegate.h; sourceTree = "<group>"; };
		4DA49B90193CA34A000116CF /* AppDelegate.m */ = {isa = PBXFileReference; lastKnownFileType = sourcecode.c.objc; path = AppDelegate.m; sourceTree = "<group>"; };
		4DA49B92193CA34A000116CF /* Images.xcassets */ = {isa = PBXFileReference; lastKnownFileType = folder.assetcatalog; path = Images.xcassets; sourceTree = "<group>"; };
		4DA49B98193CA34A000116CF /* ios-mmap-exampleTests.xctest */ = {isa = PBXFileReference; explicitFileType = wrapper.cfbundle; includeInIndex = 0; path = "ios-mmap-exampleTests.xctest"; sourceTree = BUILT_PRODUCTS_DIR; };
		4DA49B99193CA34A000116CF /* XCTest.framework */ = {isa = PBXFileReference; lastKnownFileType = wrapper.framework; name = XCTest.framework; path = Library/Frameworks/XCTest.framework; sourceTree = DEVELOPER_DIR; };
		4DA49BA1193CA34A000116CF /* ios-mmap-exampleTests-Info.plist */ = {isa = PBXFileReference; lastKnownFileType = text.plist.xml; path = "ios-mmap-exampleTests-Info.plist"; sourceTree = "<group>"; };
		4DA49BA3193CA34A000116CF /* en */ = {isa = PBXFileReference; lastKnownFileType = text.plist.strings; name = en; path = en.lproj/InfoPlist.strings; sourceTree = "<group>"; };
		4DA49BA5193CA34A000116CF /* ios_mmap_exampleTests.m */ = {isa = PBXFileReference; lastKnownFileType = sourcecode.c.objc; path = ios_mmap_exampleTests.m; sourceTree = "<group>"; };
/* End PBXFileReference section */

/* Begin PBXFrameworksBuildPhase section */
		4DA49B7A193CA34A000116CF /* Frameworks */ = {
			isa = PBXFrameworksBuildPhase;
			buildActionMask = 2147483647;
			files = (
				4DA49B83193CA34A000116CF /* CoreGraphics.framework in Frameworks */,
				4DA49B85193CA34A000116CF /* UIKit.framework in Frameworks */,
				4DA49B81193CA34A000116CF /* Foundation.framework in Frameworks */,
			);
			runOnlyForDeploymentPostprocessing = 0;
		};
		4DA49B95193CA34A000116CF /* Frameworks */ = {
			isa = PBXFrameworksBuildPhase;
			buildActionMask = 2147483647;
			files = (
				4DA49B9A193CA34A000116CF /* XCTest.framework in Frameworks */,
				4DA49B9C193CA34A000116CF /* UIKit.framework in Frameworks */,
				4DA49B9B193CA34A000116CF /* Foundation.framework in Frameworks */,
			);
			runOnlyForDeploymentPostprocessing = 0;
		};
/* End PBXFrameworksBuildPhase section */

/* Begin PBXGroup section */
		4DA49B74193CA34A000116CF = {
			isa = PBXGroup;
			children = (
				4DA49B86193CA34A000116CF /* ios-mmap-example */,
				4DA49B9F193CA34A000116CF /* ios-mmap-exampleTests */,
				4DA49B7F193CA34A000116CF /* Frameworks */,
				4DA49B7E193CA34A000116CF /* Products */,
			);
			sourceTree = "<group>";
		};
		4DA49B7E193CA34A000116CF /* Products */ = {
			isa = PBXGroup;
			children = (
				4DA49B7D193CA34A000116CF /* ios-mmap-example.app */,
				4DA49B98193CA34A000116CF /* ios-mmap-exampleTests.xctest */,
			);
			name = Products;
			sourceTree = "<group>";
		};
		4DA49B7F193CA34A000116CF /* Frameworks */ = {
			isa = PBXGroup;
			children = (
				4DA49B80193CA34A000116CF /* Foundation.framework */,
				4DA49B82193CA34A000116CF /* CoreGraphics.framework */,
				4DA49B84193CA34A000116CF /* UIKit.framework */,
				4DA49B99193CA34A000116CF /* XCTest.framework */,
			);
			name = Frameworks;
			sourceTree = "<group>";
		};
		4DA49B86193CA34A000116CF /* ios-mmap-example */ = {
			isa = PBXGroup;
			children = (
				4DA49B8F193CA34A000116CF /* AppDelegate.h */,
				4DA49B90193CA34A000116CF /* AppDelegate.m */,
				4DA49B92193CA34A000116CF /* Images.xcassets */,
				4DA49B87193CA34A000116CF /* Supporting Files */,
			);
			path = "ios-mmap-example";
			sourceTree = "<group>";
		};
		4DA49B87193CA34A000116CF /* Supporting Files */ = {
			isa = PBXGroup;
			children = (
				4DA49B88193CA34A000116CF /* ios-mmap-example-Info.plist */,
				4DA49B89193CA34A000116CF /* InfoPlist.strings */,
				4DA49B8C193CA34A000116CF /* main.m */,
				4DA49B8E193CA34A000116CF /* ios-mmap-example-Prefix.pch */,
			);
			name = "Supporting Files";
			sourceTree = "<group>";
		};
		4DA49B9F193CA34A000116CF /* ios-mmap-exampleTests */ = {
			isa = PBXGroup;
			children = (
				4DA49BA5193CA34A000116CF /* ios_mmap_exampleTests.m */,
				4DA49BA0193CA34A000116CF /* Supporting Files */,
			);
			path = "ios-mmap-exampleTests";
			sourceTree = "<group>";
		};
		4DA49BA0193CA34A000116CF /* Supporting Files */ = {
			isa = PBXGroup;
			children = (
				4DA49BA1193CA34A000116CF /* ios-mmap-exampleTests-Info.plist */,
				4DA49BA2193CA34A000116CF /* InfoPlist.strings */,
			);
			name = "Supporting Files";
			sourceTree = "<group>";
		};
/* End PBXGroup section */

/* Begin PBXNativeTarget section */
		4DA49B7C193CA34A000116CF /* ios-mmap-example */ = {
			isa = PBXNativeTarget;
			buildConfigurationList = 4DA49BA9193CA34A000116CF /* Build configuration list for PBXNativeTarget "ios-mmap-example" */;
			buildPhases = (
				4DA49B79193CA34A000116CF /* Sources */,
				4DA49B7A193CA34A000116CF /* Frameworks */,
				4DA49B7B193CA34A000116CF /* Resources */,
			);
			buildRules = (
			);
			dependencies = (
			);
			name = "ios-mmap-example";
			productName = "ios-mmap-example";
			productReference = 4DA49B7D193CA34A000116CF /* ios-mmap-example.app */;
			productType = "com.apple.product-type.application";
		};
		4DA49B97193CA34A000116CF /* ios-mmap-exampleTests */ = {
			isa = PBXNativeTarget;
			buildConfigurationList = 4DA49BAC193CA34A000116CF /* Build configuration list for PBXNativeTarget "ios-mmap-exampleTests" */;
			buildPhases = (
				4DA49B94193CA34A000116CF /* Sources */,
				4DA49B95193CA34A000116CF /* Frameworks */,
				4DA49B96193CA34A000116CF /* Resources */,
			);
			buildRules = (
			);
			dependencies = (
				4DA49B9E193CA34A000116CF /* PBXTargetDependency */,
			);
			name = "ios-mmap-exampleTests";
			productName = "ios-mmap-exampleTests";
			productReference = 4DA49B98193CA34A000116CF /* ios-mmap-exampleTests.xctest */;
			productType = "com.apple.product-type.bundle.unit-test";
		};
/* End PBXNativeTarget section */

/* Begin PBXProject section */
		4DA49B75193CA34A000116CF /* Project object */ = {
			isa = PBXProject;
			attributes = {
				LastUpgradeCheck = 0510;
				ORGANIZATIONNAME = "Tightdb Denmark ApS";
				TargetAttributes = {
					4DA49B97193CA34A000116CF = {
						TestTargetID = 4DA49B7C193CA34A000116CF;
					};
				};
			};
			buildConfigurationList = 4DA49B78193CA34A000116CF /* Build configuration list for PBXProject "ios-mmap-example" */;
			compatibilityVersion = "Xcode 3.2";
			developmentRegion = English;
			hasScannedForEncodings = 0;
			knownRegions = (
				en,
			);
			mainGroup = 4DA49B74193CA34A000116CF;
			productRefGroup = 4DA49B7E193CA34A000116CF /* Products */;
			projectDirPath = "";
			projectRoot = "";
			targets = (
				4DA49B7C193CA34A000116CF /* ios-mmap-example */,
				4DA49B97193CA34A000116CF /* ios-mmap-exampleTests */,
			);
		};
/* End PBXProject section */

/* Begin PBXResourcesBuildPhase section */
		4DA49B7B193CA34A000116CF /* Resources */ = {
			isa = PBXResourcesBuildPhase;
			buildActionMask = 2147483647;
			files = (
				4DA49B8B193CA34A000116CF /* InfoPlist.strings in Resources */,
				4DA49B93193CA34A000116CF /* Images.xcassets in Resources */,
			);
			runOnlyForDeploymentPostprocessing = 0;
		};
		4DA49B96193CA34A000116CF /* Resources */ = {
			isa = PBXResourcesBuildPhase;
			buildActionMask = 2147483647;
			files = (
				4DA49BA4193CA34A000116CF /* InfoPlist.strings in Resources */,
			);
			runOnlyForDeploymentPostprocessing = 0;
		};
/* End PBXResourcesBuildPhase section */

/* Begin PBXSourcesBuildPhase section */
		4DA49B79193CA34A000116CF /* Sources */ = {
			isa = PBXSourcesBuildPhase;
			buildActionMask = 2147483647;
			files = (
				4DA49B91193CA34A000116CF /* AppDelegate.m in Sources */,
				4DA49B8D193CA34A000116CF /* main.m in Sources */,
			);
			runOnlyForDeploymentPostprocessing = 0;
		};
		4DA49B94193CA34A000116CF /* Sources */ = {
			isa = PBXSourcesBuildPhase;
			buildActionMask = 2147483647;
			files = (
				4DA49BA6193CA34A000116CF /* ios_mmap_exampleTests.m in Sources */,
			);
			runOnlyForDeploymentPostprocessing = 0;
		};
/* End PBXSourcesBuildPhase section */

/* Begin PBXTargetDependency section */
		4DA49B9E193CA34A000116CF /* PBXTargetDependency */ = {
			isa = PBXTargetDependency;
			target = 4DA49B7C193CA34A000116CF /* ios-mmap-example */;
			targetProxy = 4DA49B9D193CA34A000116CF /* PBXContainerItemProxy */;
		};
/* End PBXTargetDependency section */

/* Begin PBXVariantGroup section */
		4DA49B89193CA34A000116CF /* InfoPlist.strings */ = {
			isa = PBXVariantGroup;
			children = (
				4DA49B8A193CA34A000116CF /* en */,
			);
			name = InfoPlist.strings;
			sourceTree = "<group>";
		};
		4DA49BA2193CA34A000116CF /* InfoPlist.strings */ = {
			isa = PBXVariantGroup;
			children = (
				4DA49BA3193CA34A000116CF /* en */,
			);
			name = InfoPlist.strings;
			sourceTree = "<group>";
		};
/* End PBXVariantGroup section */

/* Begin XCBuildConfiguration section */
		4DA49BA7193CA34A000116CF /* Debug */ = {
			isa = XCBuildConfiguration;
			buildSettings = {
				ALWAYS_SEARCH_USER_PATHS = NO;
				CLANG_CXX_LANGUAGE_STANDARD = "gnu++0x";
				CLANG_CXX_LIBRARY = "libc++";
				CLANG_ENABLE_MODULES = YES;
				CLANG_ENABLE_OBJC_ARC = YES;
				CLANG_WARN_BOOL_CONVERSION = YES;
				CLANG_WARN_CONSTANT_CONVERSION = YES;
				CLANG_WARN_DIRECT_OBJC_ISA_USAGE = YES_ERROR;
				CLANG_WARN_EMPTY_BODY = YES;
				CLANG_WARN_ENUM_CONVERSION = YES;
				CLANG_WARN_INT_CONVERSION = YES;
				CLANG_WARN_OBJC_ROOT_CLASS = YES_ERROR;
				CLANG_WARN__DUPLICATE_METHOD_MATCH = YES;
				"CODE_SIGN_IDENTITY[sdk=iphoneos*]" = "iPhone Developer";
				COPY_PHASE_STRIP = NO;
				GCC_C_LANGUAGE_STANDARD = gnu99;
				GCC_DYNAMIC_NO_PIC = NO;
				GCC_OPTIMIZATION_LEVEL = 0;
				GCC_PREPROCESSOR_DEFINITIONS = (
					"DEBUG=1",
					"$(inherited)",
				);
				GCC_SYMBOLS_PRIVATE_EXTERN = NO;
				GCC_WARN_64_TO_32_BIT_CONVERSION = YES;
				GCC_WARN_ABOUT_RETURN_TYPE = YES_ERROR;
				GCC_WARN_UNDECLARED_SELECTOR = YES;
				GCC_WARN_UNINITIALIZED_AUTOS = YES_AGGRESSIVE;
				GCC_WARN_UNUSED_FUNCTION = YES;
				GCC_WARN_UNUSED_VARIABLE = YES;
				IPHONEOS_DEPLOYMENT_TARGET = 7.1;
				ONLY_ACTIVE_ARCH = YES;
				SDKROOT = iphoneos;
			};
			name = Debug;
		};
		4DA49BA8193CA34A000116CF /* Release */ = {
			isa = XCBuildConfiguration;
			buildSettings = {
				ALWAYS_SEARCH_USER_PATHS = NO;
				CLANG_CXX_LANGUAGE_STANDARD = "gnu++0x";
				CLANG_CXX_LIBRARY = "libc++";
				CLANG_ENABLE_MODULES = YES;
				CLANG_ENABLE_OBJC_ARC = YES;
				CLANG_WARN_BOOL_CONVERSION = YES;
				CLANG_WARN_CONSTANT_CONVERSION = YES;
				CLANG_WARN_DIRECT_OBJC_ISA_USAGE = YES_ERROR;
				CLANG_WARN_EMPTY_BODY = YES;
				CLANG_WARN_ENUM_CONVERSION = YES;
				CLANG_WARN_INT_CONVERSION = YES;
				CLANG_WARN_OBJC_ROOT_CLASS = YES_ERROR;
				CLANG_WARN__DUPLICATE_METHOD_MATCH = YES;
				"CODE_SIGN_IDENTITY[sdk=iphoneos*]" = "iPhone Developer";
				COPY_PHASE_STRIP = YES;
				ENABLE_NS_ASSERTIONS = NO;
				GCC_C_LANGUAGE_STANDARD = gnu99;
				GCC_WARN_64_TO_32_BIT_CONVERSION = YES;
				GCC_WARN_ABOUT_RETURN_TYPE = YES_ERROR;
				GCC_WARN_UNDECLARED_SELECTOR = YES;
				GCC_WARN_UNINITIALIZED_AUTOS = YES_AGGRESSIVE;
				GCC_WARN_UNUSED_FUNCTION = YES;
				GCC_WARN_UNUSED_VARIABLE = YES;
				IPHONEOS_DEPLOYMENT_TARGET = 7.1;
				SDKROOT = iphoneos;
				VALIDATE_PRODUCT = YES;
			};
			name = Release;
		};
		4DA49BAA193CA34A000116CF /* Debug */ = {
			isa = XCBuildConfiguration;
			buildSettings = {
				ASSETCATALOG_COMPILER_APPICON_NAME = AppIcon;
				ASSETCATALOG_COMPILER_LAUNCHIMAGE_NAME = LaunchImage;
				GCC_PRECOMPILE_PREFIX_HEADER = YES;
				GCC_PREFIX_HEADER = "ios-mmap-example/ios-mmap-example-Prefix.pch";
				INFOPLIST_FILE = "ios-mmap-example/ios-mmap-example-Info.plist";
				PRODUCT_NAME = "$(TARGET_NAME)";
				WRAPPER_EXTENSION = app;
			};
			name = Debug;
		};
		4DA49BAB193CA34A000116CF /* Release */ = {
			isa = XCBuildConfiguration;
			buildSettings = {
				ASSETCATALOG_COMPILER_APPICON_NAME = AppIcon;
				ASSETCATALOG_COMPILER_LAUNCHIMAGE_NAME = LaunchImage;
				GCC_PRECOMPILE_PREFIX_HEADER = YES;
				GCC_PREFIX_HEADER = "ios-mmap-example/ios-mmap-example-Prefix.pch";
				INFOPLIST_FILE = "ios-mmap-example/ios-mmap-example-Info.plist";
				PRODUCT_NAME = "$(TARGET_NAME)";
				WRAPPER_EXTENSION = app;
			};
			name = Release;
		};
		4DA49BAD193CA34A000116CF /* Debug */ = {
			isa = XCBuildConfiguration;
			buildSettings = {
				BUNDLE_LOADER = "$(BUILT_PRODUCTS_DIR)/ios-mmap-example.app/ios-mmap-example";
				FRAMEWORK_SEARCH_PATHS = (
					"$(SDKROOT)/Developer/Library/Frameworks",
					"$(inherited)",
					"$(DEVELOPER_FRAMEWORKS_DIR)",
				);
				GCC_PRECOMPILE_PREFIX_HEADER = YES;
				GCC_PREFIX_HEADER = "ios-mmap-example/ios-mmap-example-Prefix.pch";
				GCC_PREPROCESSOR_DEFINITIONS = (
					"DEBUG=1",
					"$(inherited)",
				);
				INFOPLIST_FILE = "ios-mmap-exampleTests/ios-mmap-exampleTests-Info.plist";
				PRODUCT_NAME = "$(TARGET_NAME)";
				TEST_HOST = "$(BUNDLE_LOADER)";
				WRAPPER_EXTENSION = xctest;
			};
			name = Debug;
		};
		4DA49BAE193CA34A000116CF /* Release */ = {
			isa = XCBuildConfiguration;
			buildSettings = {
				BUNDLE_LOADER = "$(BUILT_PRODUCTS_DIR)/ios-mmap-example.app/ios-mmap-example";
				FRAMEWORK_SEARCH_PATHS = (
					"$(SDKROOT)/Developer/Library/Frameworks",
					"$(inherited)",
					"$(DEVELOPER_FRAMEWORKS_DIR)",
				);
				GCC_PRECOMPILE_PREFIX_HEADER = YES;
				GCC_PREFIX_HEADER = "ios-mmap-example/ios-mmap-example-Prefix.pch";
				INFOPLIST_FILE = "ios-mmap-exampleTests/ios-mmap-exampleTests-Info.plist";
				PRODUCT_NAME = "$(TARGET_NAME)";
				TEST_HOST = "$(BUNDLE_LOADER)";
				WRAPPER_EXTENSION = xctest;
			};
			name = Release;
		};
/* End XCBuildConfiguration section */

/* Begin XCConfigurationList section */
		4DA49B78193CA34A000116CF /* Build configuration list for PBXProject "ios-mmap-example" */ = {
			isa = XCConfigurationList;
			buildConfigurations = (
				4DA49BA7193CA34A000116CF /* Debug */,
				4DA49BA8193CA34A000116CF /* Release */,
			);
			defaultConfigurationIsVisible = 0;
			defaultConfigurationName = Release;
		};
		4DA49BA9193CA34A000116CF /* Build configuration list for PBXNativeTarget "ios-mmap-example" */ = {
			isa = XCConfigurationList;
			buildConfigurations = (
				4DA49BAA193CA34A000116CF /* Debug */,
				4DA49BAB193CA34A000116CF /* Release */,
			);
			defaultConfigurationIsVisible = 0;
		};
		4DA49BAC193CA34A000116CF /* Build configuration list for PBXNativeTarget "ios-mmap-exampleTests" */ = {
			isa = XCConfigurationList;
			buildConfigurations = (
				4DA49BAD193CA34A000116CF /* Debug */,
				4DA49BAE193CA34A000116CF /* Release */,
			);
			defaultConfigurationIsVisible = 0;
		};
/* End XCConfigurationList section */
	};
	rootObject = 4DA49B75193CA34A000116CF /* Project object */;
}
